
Microsoft Visual Studio Solution File, Format Version 12.00
# Visual Studio 2012
Project("{FAE04EC0-301F-11D3-BF4B-00C04F79EFBC}") = "T01_Students_and_Courses", "T01_Students_and_Courses\T01_Students_and_Courses.csproj", "{B46D1D3D-856B-4548-B3BA-98CD56069AB9}"
EndProject
Project("{FAE04EC0-301F-11D3-BF4B-00C04F79EFBC}") = "T02_BiDictionary", "T02_BiDictionary\T02_BiDictionary.csproj", "{10B1E6FD-2D5F-4CE7-BD60-17D71628B291}"
EndProject
Global
	GlobalSection(SolutionConfigurationPlatforms) = preSolution
		Debug|Any CPU = Debug|Any CPU
		Release|Any CPU = Release|Any CPU
	EndGlobalSection
	GlobalSection(ProjectConfigurationPlatforms) = postSolution
		{B46D1D3D-856B-4548-B3BA-98CD56069AB9}.Debug|Any CPU.ActiveCfg = Debug|Any CPU
		{B46D1D3D-856B-4548-B3BA-98CD56069AB9}.Debug|Any CPU.Build.0 = Debug|Any CPU
		{B46D1D3D-856B-4548-B3BA-98CD56069AB9}.Release|Any CPU.ActiveCfg = Release|Any CPU
		{B46D1D3D-856B-4548-B3BA-98CD56069AB9}.Release|Any CPU.Build.0 = Release|Any CPU
		{10B1E6FD-2D5F-4CE7-BD60-17D71628B291}.Debug|Any CPU.ActiveCfg = Debug|Any CPU
		{10B1E6FD-2D5F-4CE7-BD60-17D71628B291}.Debug|Any CPU.Build.0 = Debug|Any CPU
		{10B1E6FD-2D5F-4CE7-BD60-17D71628B291}.Release|Any CPU.ActiveCfg = Release|Any CPU
		{10B1E6FD-2D5F-4CE7-BD60-17D71628B291}.Release|Any CPU.Build.0 = Release|Any CPU
	EndGlobalSection
	GlobalSection(SolutionProperties) = preSolution
		HideSolutionNode = FALSE
	EndGlobalSection
EndGlobal
