
Microsoft Visual Studio Solution File, Format Version 12.00
# Visual Studio 2012
Project("{FAE04EC0-301F-11D3-BF4B-00C04F79EFBC}") = "01_PlayWithTrees", "01_PlayWithTrees\01_PlayWithTrees.csproj", "{456B11B1-DB93-4DAB-AA37-0D29E1F60CCC}"
EndProject
Global
	GlobalSection(SolutionConfigurationPlatforms) = preSolution
		Debug|Any CPU = Debug|Any CPU
		Release|Any CPU = Release|Any CPU
	EndGlobalSection
	GlobalSection(ProjectConfigurationPlatforms) = postSolution
		{456B11B1-DB93-4DAB-AA37-0D29E1F60CCC}.Debug|Any CPU.ActiveCfg = Debug|Any CPU
		{456B11B1-DB93-4DAB-AA37-0D29E1F60CCC}.Debug|Any CPU.Build.0 = Debug|Any CPU
		{456B11B1-DB93-4DAB-AA37-0D29E1F60CCC}.Release|Any CPU.ActiveCfg = Release|Any CPU
		{456B11B1-DB93-4DAB-AA37-0D29E1F60CCC}.Release|Any CPU.Build.0 = Release|Any CPU
	EndGlobalSection
	GlobalSection(SolutionProperties) = preSolution
		HideSolutionNode = FALSE
	EndGlobalSection
EndGlobal
